{
  "projects": [
    {
      "projectId": "qMKbWqzZjuHb1yLhCiN5Mq",
      "version": "latest",
      "dependencies": {
        "caTPwKxj5ZrD9LQ7DMdK4Z": "3.38.0",
        "ohDidvG9XsCeFumugENU3J": "6.26.0",
        "jkU633o1Cz7HrJdwdxhVHk": "16.11.0",
        "7nJ7UcFmq9UzB6eXfC5z4a": "0.29.0"
      },
      "lang": "js",
      "fileLocks": [
        {
          "type": "globalVariant",
          "assetId": "9qPFL0yfbSNI",
          "checksum": "a1388db73d2e31c4e5c4834f15abf1a3"
        },
        {
          "type": "renderModule",
          "assetId": "ToMbPngmeHPx",
          "checksum": "62e347332f1ca19147a8a34bb90e5ad8"
        },
        {
          "type": "cssRules",
          "assetId": "ToMbPngmeHPx",
          "checksum": "62e347332f1ca19147a8a34bb90e5ad8"
        },
        {
          "type": "renderModule",
          "assetId": "lci14Q3sXnn8",
          "checksum": "ec3e110f39282e4cc6e0d1731c722bc2"
        },
        {
          "type": "cssRules",
          "assetId": "lci14Q3sXnn8",
          "checksum": "ec3e110f39282e4cc6e0d1731c722bc2"
        },
        {
          "type": "image",
          "assetId": "CNFyiWvfNOW1",
          "checksum": "894f4bc3c8eb9db0a606061c850ccdba"
        },
        {
          "type": "image",
          "assetId": "p5_Su61tAarK",
          "checksum": "ad14948140faf2b5c5a66d9538779dbb"
        },
        {
          "assetId": "qMKbWqzZjuHb1yLhCiN5Mq",
          "type": "projectCss",
          "checksum": "9f754b6b07600b05cb11861c0c884e6d"
        },
        {
          "assetId": "qMKbWqzZjuHb1yLhCiN5Mq",
          "checksum": "5fdd4e301a5427880aad4e8bb70dc2d4",
          "type": "globalContexts"
        },
        {
          "type": "renderModule",
          "assetId": "RISQWbXRzk0d",
          "checksum": "af606806ff58e6d1e48cf4600d3052f6"
        },
        {
          "type": "cssRules",
          "assetId": "RISQWbXRzk0d",
          "checksum": "af606806ff58e6d1e48cf4600d3052f6"
        },
        {
          "type": "renderModule",
          "assetId": "bCVUuc7VYiYw",
          "checksum": "de9ca4e9be251b2e31d865b8e7fc0338"
        },
        {
          "type": "cssRules",
          "assetId": "bCVUuc7VYiYw",
          "checksum": "de9ca4e9be251b2e31d865b8e7fc0338"
        },
        {
          "type": "renderModule",
          "assetId": "fvhUR2yOqw0U",
          "checksum": "64195747fd5cd8d00238f70e7c6780dc"
        },
        {
          "type": "cssRules",
          "assetId": "fvhUR2yOqw0U",
          "checksum": "64195747fd5cd8d00238f70e7c6780dc"
        },
        {
          "type": "renderModule",
          "assetId": "lRSRG8YACsJd",
          "checksum": "7af0a535eb0fcda88f2e85afe46cd576"
        },
        {
          "type": "cssRules",
          "assetId": "lRSRG8YACsJd",
          "checksum": "7af0a535eb0fcda88f2e85afe46cd576"
        },
        {
          "type": "renderModule",
          "assetId": "4f06qutaimSF",
          "checksum": "a0d242527157032a8006021b460b8cac"
        },
        {
          "type": "cssRules",
          "assetId": "4f06qutaimSF",
          "checksum": "a0d242527157032a8006021b460b8cac"
        },
        {
          "type": "renderModule",
          "assetId": "8Q71FYMQzUgF",
          "checksum": "af12702c7021b810e8373b71d440de2c"
        },
        {
          "type": "cssRules",
          "assetId": "8Q71FYMQzUgF",
          "checksum": "af12702c7021b810e8373b71d440de2c"
        },
        {
          "type": "renderModule",
          "assetId": "3imnKZ-iAV2D",
          "checksum": "40c4417bfabefd8441c88a94ece84dcc"
        },
        {
          "type": "cssRules",
          "assetId": "3imnKZ-iAV2D",
          "checksum": "40c4417bfabefd8441c88a94ece84dcc"
        },
        {
          "type": "renderModule",
          "assetId": "WbcFyNRVknUx",
          "checksum": "6038f2d96c311d83e12a3060893c972a"
        },
        {
          "type": "cssRules",
          "assetId": "WbcFyNRVknUx",
          "checksum": "6038f2d96c311d83e12a3060893c972a"
        },
        {
          "type": "renderModule",
          "assetId": "M7n-Yi6ESK-n",
          "checksum": "d29a43a1146957372c9fd2c6cbf6faeb"
        },
        {
          "type": "cssRules",
          "assetId": "M7n-Yi6ESK-n",
          "checksum": "d29a43a1146957372c9fd2c6cbf6faeb"
        },
        {
          "type": "renderModule",
          "assetId": "ZKhv8Z-qhaXW",
          "checksum": "9fc52e5304c43b9c7b1af63d70aaa384"
        },
        {
          "type": "cssRules",
          "assetId": "ZKhv8Z-qhaXW",
          "checksum": "9fc52e5304c43b9c7b1af63d70aaa384"
        },
        {
          "type": "renderModule",
          "assetId": "se9g0ZvWgDOt",
          "checksum": "e0a224da2c4c29fbc2c557579fed96f3"
        },
        {
          "type": "cssRules",
          "assetId": "se9g0ZvWgDOt",
          "checksum": "e0a224da2c4c29fbc2c557579fed96f3"
        },
        {
          "type": "icon",
          "assetId": "bhngz8mTgbAr",
          "checksum": "4221e4b709852fd38b3233f69e6daa71"
        },
        {
          "type": "icon",
          "assetId": "SST1-wFOYZQ3",
          "checksum": "ea3d45278d38a93308c52d08ef6757c0"
        },
        {
          "type": "icon",
          "assetId": "8AU18hu3d0PV",
          "checksum": "4cc4a87b121b3fa9342986edbb809923"
        },
        {
          "type": "icon",
          "assetId": "uF5ee7wJSg2x",
          "checksum": "574d9c0412bc8293ef442c14ed175016"
        },
        {
          "type": "icon",
          "assetId": "LWYOQXZKyK3l",
          "checksum": "b73cad1bd141c41b94563cf5f6aceddc"
        },
        {
          "type": "icon",
          "assetId": "3-sjXAevfoYr",
          "checksum": "1dcf425b59287591fc602f00ba33243e"
        },
        {
          "type": "icon",
          "assetId": "tM49d1j8x1on",
          "checksum": "9221f9117ff8b60474afb99b3c97b25c"
        },
        {
          "type": "icon",
          "assetId": "k9TxKOaHPmNg",
          "checksum": "3b051fde19448df353740a05a77c1ea5"
        },
        {
          "type": "icon",
          "assetId": "YnW0xt9auy5O",
          "checksum": "c85c3f30e3f6f28a1f49e4fcc3a99418"
        },
        {
          "type": "icon",
          "assetId": "Rf7C0Vgmu0Zn",
          "checksum": "31d64c3d5637d7ef7c94e230efbcbb7b"
        },
        {
          "type": "icon",
          "assetId": "8sTcdDxLmqNz",
          "checksum": "213d62cce659c14948da323cafdb2e93"
        },
        {
          "type": "icon",
          "assetId": "xdogpKSX3qX4",
          "checksum": "7f88f3ec75379f1b47611e8ac626cd9c"
        },
        {
          "type": "icon",
          "assetId": "beTsf8tVlWYp",
          "checksum": "9c6b5b11a4b9c47d1060d452913fc4cc"
        },
        {
          "type": "icon",
          "assetId": "GmE4DgTrkmB4",
          "checksum": "6924109870a62a2b77799bec33607dfe"
        },
        {
          "type": "icon",
          "assetId": "CNlw_CPmmzjL",
          "checksum": "25e1c422b0e3892ad2dd99772205802e"
        },
        {
          "type": "icon",
          "assetId": "ZNIK1Plt2HkI",
          "checksum": "7ba8a33cb3a14df47a19d9bc0decaab0"
        },
        {
          "type": "icon",
          "assetId": "aq1t0PjDqNmi",
          "checksum": "f6f7c44dd337385913931dabbf87e515"
        },
        {
          "type": "icon",
          "assetId": "Sri2xYAex6sn",
          "checksum": "1a32fca03740da098fcdfca76a1a9a79"
        },
        {
          "type": "icon",
          "assetId": "Cm50eZP2Rdw9",
          "checksum": "e52097a49f80342a3a9d19fa88eafa6f"
        },
        {
          "type": "icon",
          "assetId": "nAMYBvpjdNDJ",
          "checksum": "755d85a204c6b199bc4115a64d53eecf"
        },
        {
          "type": "image",
          "assetId": "iqrLRAni4lF5",
          "checksum": "4f6fad45f30acb1c2acb61277e1d3514"
        }
      ],
      "codegenVersion": "0.0.1"
    },
    {
      "projectId": "7nJ7UcFmq9UzB6eXfC5z4a",
      "version": "0.29.0",
      "dependencies": {},
      "lang": "js",
      "fileLocks": [
        {
          "assetId": "7nJ7UcFmq9UzB6eXfC5z4a",
          "type": "projectCss",
          "checksum": "05587b57f22f0ec8bb54543deb39762e"
        }
      ],
      "codegenVersion": "0.0.1"
    },
    {
      "projectId": "jkU633o1Cz7HrJdwdxhVHk",
      "version": "16.11.0",
      "dependencies": {},
      "lang": "js",
      "fileLocks": [
        {
          "assetId": "jkU633o1Cz7HrJdwdxhVHk",
          "type": "projectCss",
          "checksum": "0581d4378bb1604bb5fe3f65bb0a37de"
        }
      ],
      "codegenVersion": "0.0.1"
    },
    {
      "projectId": "ohDidvG9XsCeFumugENU3J",
      "version": "6.26.0",
      "dependencies": {},
      "lang": "js",
      "fileLocks": [
        {
          "assetId": "ohDidvG9XsCeFumugENU3J",
          "type": "projectCss",
          "checksum": "fd83b730367fdbde2c69bc6cf31c2a3c"
        },
        {
          "assetId": "ohDidvG9XsCeFumugENU3J",
          "checksum": "de0a0e65174a6a185a8f822af51c6bdd",
          "type": "globalContexts"
        }
      ],
      "codegenVersion": "0.0.1"
    },
    {
      "projectId": "caTPwKxj5ZrD9LQ7DMdK4Z",
      "version": "3.38.0",
      "dependencies": {},
      "lang": "js",
      "fileLocks": [
        {
          "assetId": "caTPwKxj5ZrD9LQ7DMdK4Z",
          "type": "projectCss",
          "checksum": "e1ec850476829c38b0f9b6d4f7ac446a"
        }
      ],
      "codegenVersion": "0.0.1"
    }
  ],
  "cliVersion": "0.1.334"
}
